// !$*UTF8*$!
{
	archiveVersion = 1;
	classes = {
	};
	objectVersion = 55;
	objects = {

/* Begin PBXBuildFile section */
		D441E409281A85C5003D4902 /* SF-Pro.ttf in Resources */ = {isa = PBXBuildFile; fileRef = D4C9271F28192E530002CE24 /* SF-Pro.ttf */; };
		D441E40D281A9170003D4902 /* EditViewController.swift in Sources */ = {isa = PBXBuildFile; fileRef = D441E40C281A9170003D4902 /* EditViewController.swift */; };
		D4C9270528192BAA0002CE24 /* AppDelegate.swift in Sources */ = {isa = PBXBuildFile; fileRef = D4C9270428192BAA0002CE24 /* AppDelegate.swift */; };
		D4C9270728192BAA0002CE24 /* SceneDelegate.swift in Sources */ = {isa = PBXBuildFile; fileRef = D4C9270628192BAA0002CE24 /* SceneDelegate.swift */; };
		D4C9270928192BAA0002CE24 /* ListViewController.swift in Sources */ = {isa = PBXBuildFile; fileRef = D4C9270828192BAA0002CE24 /* ListViewController.swift */; };
		D4C9270C28192BAA0002CE24 /* Main.storyboard in Resources */ = {isa = PBXBuildFile; fileRef = D4C9270A28192BAA0002CE24 /* Main.storyboard */; };
		D4C9270F28192BAA0002CE24 /* MyKost.xcdatamodeld in Sources */ = {isa = PBXBuildFile; fileRef = D4C9270D28192BAA0002CE24 /* MyKost.xcdatamodeld */; };
		D4C9271128192BAB0002CE24 /* Assets.xcassets in Resources */ = {isa = PBXBuildFile; fileRef = D4C9271028192BAB0002CE24 /* Assets.xcassets */; };
		D4C9271428192BAB0002CE24 /* LaunchScreen.storyboard in Resources */ = {isa = PBXBuildFile; fileRef = D4C9271228192BAB0002CE24 /* LaunchScreen.storyboard */; };
		D4C927292819A0BD0002CE24 /* DetailViewController.swift in Sources */ = {isa = PBXBuildFile; fileRef = D4C927282819A0BD0002CE24 /* DetailViewController.swift */; };
		D4C9272B281A4C2A0002CE24 /* Extension.swift in Sources */ = {isa = PBXBuildFile; fileRef = D4C9272A281A4C2A0002CE24 /* Extension.swift */; };
		D4E873122825216B00FDE7E7 /* Penghuni+CoreDataClass.swift in Sources */ = {isa = PBXBuildFile; fileRef = D4E8730E2825216B00FDE7E7 /* Penghuni+CoreDataClass.swift */; };
		D4E873132825216B00FDE7E7 /* Penghuni+CoreDataProperties.swift in Sources */ = {isa = PBXBuildFile; fileRef = D4E8730F2825216B00FDE7E7 /* Penghuni+CoreDataProperties.swift */; };
		D4E873142825216B00FDE7E7 /* Kamar+CoreDataClass.swift in Sources */ = {isa = PBXBuildFile; fileRef = D4E873102825216B00FDE7E7 /* Kamar+CoreDataClass.swift */; };
		D4E873152825216B00FDE7E7 /* Kamar+CoreDataProperties.swift in Sources */ = {isa = PBXBuildFile; fileRef = D4E873112825216B00FDE7E7 /* Kamar+CoreDataProperties.swift */; };
		D4E87317282523A100FDE7E7 /* CoreDataDummyData.swift in Sources */ = {isa = PBXBuildFile; fileRef = D4E87316282523A100FDE7E7 /* CoreDataDummyData.swift */; };
		D4E87319282687BD00FDE7E7 /* ImageViewer.xib in Resources */ = {isa = PBXBuildFile; fileRef = D4E87318282687BD00FDE7E7 /* ImageViewer.xib */; };
		D4E8731B282687E900FDE7E7 /* ImageViewer.swift in Sources */ = {isa = PBXBuildFile; fileRef = D4E8731A282687E900FDE7E7 /* ImageViewer.swift */; };
/* End PBXBuildFile section */

/* Begin PBXFileReference section */
		D441E40C281A9170003D4902 /* EditViewController.swift */ = {isa = PBXFileReference; lastKnownFileType = sourcecode.swift; path = EditViewController.swift; sourceTree = "<group>"; };
		D4C9270128192BAA0002CE24 /* MyKost.app */ = {isa = PBXFileReference; explicitFileType = wrapper.application; includeInIndex = 0; path = MyKost.app; sourceTree = BUILT_PRODUCTS_DIR; };
		D4C9270428192BAA0002CE24 /* AppDelegate.swift */ = {isa = PBXFileReference; lastKnownFileType = sourcecode.swift; path = AppDelegate.swift; sourceTree = "<group>"; };
		D4C9270628192BAA0002CE24 /* SceneDelegate.swift */ = {isa = PBXFileReference; lastKnownFileType = sourcecode.swift; path = SceneDelegate.swift; sourceTree = "<group>"; };
		D4C9270828192BAA0002CE24 /* ListViewController.swift */ = {isa = PBXFileReference; lastKnownFileType = sourcecode.swift; path = ListViewController.swift; sourceTree = "<group>"; };
		D4C9270B28192BAA0002CE24 /* Base */ = {isa = PBXFileReference; lastKnownFileType = file.storyboard; name = Base; path = Base.lproj/Main.storyboard; sourceTree = "<group>"; };
		D4C9270E28192BAA0002CE24 /* MyKost.xcdatamodel */ = {isa = PBXFileReference; lastKnownFileType = wrapper.xcdatamodel; path = MyKost.xcdatamodel; sourceTree = "<group>"; };
		D4C9271028192BAB0002CE24 /* Assets.xcassets */ = {isa = PBXFileReference; lastKnownFileType = folder.assetcatalog; path = Assets.xcassets; sourceTree = "<group>"; };
		D4C9271328192BAB0002CE24 /* Base */ = {isa = PBXFileReference; lastKnownFileType = file.storyboard; name = Base; path = Base.lproj/LaunchScreen.storyboard; sourceTree = "<group>"; };
		D4C9271528192BAB0002CE24 /* Info.plist */ = {isa = PBXFileReference; lastKnownFileType = text.plist.xml; path = Info.plist; sourceTree = "<group>"; };
		D4C9271F28192E530002CE24 /* SF-Pro.ttf */ = {isa = PBXFileReference; lastKnownFileType = file; path = "SF-Pro.ttf"; sourceTree = "<group>"; };
		D4C927282819A0BD0002CE24 /* DetailViewController.swift */ = {isa = PBXFileReference; lastKnownFileType = sourcecode.swift; path = DetailViewController.swift; sourceTree = "<group>"; };
		D4C9272A281A4C2A0002CE24 /* Extension.swift */ = {isa = PBXFileReference; lastKnownFileType = sourcecode.swift; path = Extension.swift; sourceTree = "<group>"; };
		D4E8730E2825216B00FDE7E7 /* Penghuni+CoreDataClass.swift */ = {isa = PBXFileReference; lastKnownFileType = sourcecode.swift; path = "Penghuni+CoreDataClass.swift"; sourceTree = "<group>"; };
		D4E8730F2825216B00FDE7E7 /* Penghuni+CoreDataProperties.swift */ = {isa = PBXFileReference; lastKnownFileType = sourcecode.swift; path = "Penghuni+CoreDataProperties.swift"; sourceTree = "<group>"; };
		D4E873102825216B00FDE7E7 /* Kamar+CoreDataClass.swift */ = {isa = PBXFileReference; lastKnownFileType = sourcecode.swift; path = "Kamar+CoreDataClass.swift"; sourceTree = "<group>"; };
		D4E873112825216B00FDE7E7 /* Kamar+CoreDataProperties.swift */ = {isa = PBXFileReference; lastKnownFileType = sourcecode.swift; path = "Kamar+CoreDataProperties.swift"; sourceTree = "<group>"; };
		D4E87316282523A100FDE7E7 /* CoreDataDummyData.swift */ = {isa = PBXFileReference; lastKnownFileType = sourcecode.swift; path = CoreDataDummyData.swift; sourceTree = "<group>"; };
		D4E87318282687BD00FDE7E7 /* ImageViewer.xib */ = {isa = PBXFileReference; lastKnownFileType = file.xib; name = ImageViewer.xib; path = MyKost/ImageViewer.xib; sourceTree = SOURCE_ROOT; };
		D4E8731A282687E900FDE7E7 /* ImageViewer.swift */ = {isa = PBXFileReference; lastKnownFileType = sourcecode.swift; path = ImageViewer.swift; sourceTree = "<group>"; };
/* End PBXFileReference section */

/* Begin PBXFrameworksBuildPhase section */
		D4C926FE28192BAA0002CE24 /* Frameworks */ = {
			isa = PBXFrameworksBuildPhase;
			buildActionMask = 2147483647;
			files = (
			);
			runOnlyForDeploymentPostprocessing = 0;
		};
/* End PBXFrameworksBuildPhase section */

/* Begin PBXGroup section */
		D4C926F828192BAA0002CE24 = {
			isa = PBXGroup;
			children = (
				D4C9270328192BAA0002CE24 /* MyKost */,
				D4C9270228192BAA0002CE24 /* Products */,
			);
			sourceTree = "<group>";
		};
		D4C9270228192BAA0002CE24 /* Products */ = {
			isa = PBXGroup;
			children = (
				D4C9270128192BAA0002CE24 /* MyKost.app */,
			);
			name = Products;
			sourceTree = "<group>";
		};
		D4C9270328192BAA0002CE24 /* MyKost */ = {
			isa = PBXGroup;
			children = (
				D4C9271E28192E200002CE24 /* Fonts */,
				D4C9271D28192C260002CE24 /* Controller */,
				D4C9271C28192C200002CE24 /* View */,
				D4C9271B28192BE20002CE24 /* Model */,
				D4C9270428192BAA0002CE24 /* AppDelegate.swift */,
				D4C9270628192BAA0002CE24 /* SceneDelegate.swift */,
				D4C9271028192BAB0002CE24 /* Assets.xcassets */,
				D4C9271528192BAB0002CE24 /* Info.plist */,
				D4C9270D28192BAA0002CE24 /* MyKost.xcdatamodeld */,
				D4C9272A281A4C2A0002CE24 /* Extension.swift */,
			);
			path = MyKost;
			sourceTree = "<group>";
		};
		D4C9271B28192BE20002CE24 /* Model */ = {
			isa = PBXGroup;
			children = (
				D4E8730E2825216B00FDE7E7 /* Penghuni+CoreDataClass.swift */,
				D4E8730F2825216B00FDE7E7 /* Penghuni+CoreDataProperties.swift */,
				D4E873102825216B00FDE7E7 /* Kamar+CoreDataClass.swift */,
				D4E873112825216B00FDE7E7 /* Kamar+CoreDataProperties.swift */,
				D4E87316282523A100FDE7E7 /* CoreDataDummyData.swift */,
			);
			path = Model;
			sourceTree = "<group>";
		};
		D4C9271C28192C200002CE24 /* View */ = {
			isa = PBXGroup;
			children = (
				D4E87318282687BD00FDE7E7 /* ImageViewer.xib */,
				D4C9270A28192BAA0002CE24 /* Main.storyboard */,
				D4C9271228192BAB0002CE24 /* LaunchScreen.storyboard */,
			);
			path = View;
			sourceTree = "<group>";
		};
		D4C9271D28192C260002CE24 /* Controller */ = {
			isa = PBXGroup;
			children = (
				D4C9270828192BAA0002CE24 /* ListViewController.swift */,
				D4C927282819A0BD0002CE24 /* DetailViewController.swift */,
				D441E40C281A9170003D4902 /* EditViewController.swift */,
				D4E8731A282687E900FDE7E7 /* ImageViewer.swift */,
			);
			path = Controller;
			sourceTree = "<group>";
		};
		D4C9271E28192E200002CE24 /* Fonts */ = {
			isa = PBXGroup;
			children = (
				D4C9271F28192E530002CE24 /* SF-Pro.ttf */,
			);
			path = Fonts;
			sourceTree = "<group>";
		};
/* End PBXGroup section */

/* Begin PBXNativeTarget section */
		D4C9270028192BAA0002CE24 /* MyKost */ = {
			isa = PBXNativeTarget;
			buildConfigurationList = D4C9271828192BAB0002CE24 /* Build configuration list for PBXNativeTarget "MyKost" */;
			buildPhases = (
				D4C926FD28192BAA0002CE24 /* Sources */,
				D4C926FE28192BAA0002CE24 /* Frameworks */,
				D4C926FF28192BAA0002CE24 /* Resources */,
			);
			buildRules = (
			);
			dependencies = (
			);
			name = MyKost;
			productName = MyKost;
			productReference = D4C9270128192BAA0002CE24 /* MyKost.app */;
			productType = "com.apple.product-type.application";
		};
/* End PBXNativeTarget section */

/* Begin PBXProject section */
		D4C926F928192BAA0002CE24 /* Project object */ = {
			isa = PBXProject;
			attributes = {
				BuildIndependentTargetsInParallel = 1;
				LastSwiftUpdateCheck = 1330;
				LastUpgradeCheck = 1330;
				TargetAttributes = {
					D4C9270028192BAA0002CE24 = {
						CreatedOnToolsVersion = 13.3;
					};
				};
			};
			buildConfigurationList = D4C926FC28192BAA0002CE24 /* Build configuration list for PBXProject "MyKost" */;
			compatibilityVersion = "Xcode 13.0";
			developmentRegion = en;
			hasScannedForEncodings = 0;
			knownRegions = (
				en,
				Base,
			);
			mainGroup = D4C926F828192BAA0002CE24;
			productRefGroup = D4C9270228192BAA0002CE24 /* Products */;
			projectDirPath = "";
			projectRoot = "";
			targets = (
				D4C9270028192BAA0002CE24 /* MyKost */,
			);
		};
/* End PBXProject section */

/* Begin PBXResourcesBuildPhase section */
		D4C926FF28192BAA0002CE24 /* Resources */ = {
			isa = PBXResourcesBuildPhase;
			buildActionMask = 2147483647;
			files = (
				D4C9271428192BAB0002CE24 /* LaunchScreen.storyboard in Resources */,
				D441E409281A85C5003D4902 /* SF-Pro.ttf in Resources */,
				D4E87319282687BD00FDE7E7 /* ImageViewer.xib in Resources */,
				D4C9271128192BAB0002CE24 /* Assets.xcassets in Resources */,
				D4C9270C28192BAA0002CE24 /* Main.storyboard in Resources */,
			);
			runOnlyForDeploymentPostprocessing = 0;
		};
/* End PBXResourcesBuildPhase section */

/* Begin PBXSourcesBuildPhase section */
		D4C926FD28192BAA0002CE24 /* Sources */ = {
			isa = PBXSourcesBuildPhase;
			buildActionMask = 2147483647;
			files = (
				D4C927292819A0BD0002CE24 /* DetailViewController.swift in Sources */,
				D4E873122825216B00FDE7E7 /* Penghuni+CoreDataClass.swift in Sources */,
				D4C9270928192BAA0002CE24 /* ListViewController.swift in Sources */,
				D4C9270528192BAA0002CE24 /* AppDelegate.swift in Sources */,
				D4E873142825216B00FDE7E7 /* Kamar+CoreDataClass.swift in Sources */,
				D4E873152825216B00FDE7E7 /* Kamar+CoreDataProperties.swift in Sources */,
				D4C9270F28192BAA0002CE24 /* MyKost.xcdatamodeld in Sources */,
				D4E87317282523A100FDE7E7 /* CoreDataDummyData.swift in Sources */,
				D4C9272B281A4C2A0002CE24 /* Extension.swift in Sources */,
				D4C9270728192BAA0002CE24 /* SceneDelegate.swift in Sources */,
				D4E8731B282687E900FDE7E7 /* ImageViewer.swift in Sources */,
				D441E40D281A9170003D4902 /* EditViewController.swift in Sources */,
				D4E873132825216B00FDE7E7 /* Penghuni+CoreDataProperties.swift in Sources */,
			);
			runOnlyForDeploymentPostprocessing = 0;
		};
/* End PBXSourcesBuildPhase section */

/* Begin PBXVariantGroup section */
		D4C9270A28192BAA0002CE24 /* Main.storyboard */ = {
			isa = PBXVariantGroup;
			children = (
				D4C9270B28192BAA0002CE24 /* Base */,
			);
			name = Main.storyboard;
			sourceTree = "<group>";
		};
		D4C9271228192BAB0002CE24 /* LaunchScreen.storyboard */ = {
			isa = PBXVariantGroup;
			children = (
				D4C9271328192BAB0002CE24 /* Base */,
			);
			name = LaunchScreen.storyboard;
			sourceTree = "<group>";
		};
/* End PBXVariantGroup section */

/* Begin XCBuildConfiguration section */
		D4C9271628192BAB0002CE24 /* Debug */ = {
			isa = XCBuildConfiguration;
			buildSettings = {
				ALWAYS_SEARCH_USER_PATHS = NO;
				CLANG_ANALYZER_NONNULL = YES;
				CLANG_ANALYZER_NUMBER_OBJECT_CONVERSION = YES_AGGRESSIVE;
				CLANG_CXX_LANGUAGE_STANDARD = "gnu++17";
				CLANG_ENABLE_MODULES = YES;
				CLANG_ENABLE_OBJC_ARC = YES;
				CLANG_ENABLE_OBJC_WEAK = YES;
				CLANG_WARN_BLOCK_CAPTURE_AUTORELEASING = YES;
				CLANG_WARN_BOOL_CONVERSION = YES;
				CLANG_WARN_COMMA = YES;
				CLANG_WARN_CONSTANT_CONVERSION = YES;
				CLANG_WARN_DEPRECATED_OBJC_IMPLEMENTATIONS = YES;
				CLANG_WARN_DIRECT_OBJC_ISA_USAGE = YES_ERROR;
				CLANG_WARN_DOCUMENTATION_COMMENTS = YES;
				CLANG_WARN_EMPTY_BODY = YES;
				CLANG_WARN_ENUM_CONVERSION = YES;
				CLANG_WARN_INFINITE_RECURSION = YES;
				CLANG_WARN_INT_CONVERSION = YES;
				CLANG_WARN_NON_LITERAL_NULL_CONVERSION = YES;
				CLANG_WARN_OBJC_IMPLICIT_RETAIN_SELF = YES;
				CLANG_WARN_OBJC_LITERAL_CONVERSION = YES;
				CLANG_WARN_OBJC_ROOT_CLASS = YES_ERROR;
				CLANG_WARN_QUOTED_INCLUDE_IN_FRAMEWORK_HEADER = YES;
				CLANG_WARN_RANGE_LOOP_ANALYSIS = YES;
				CLANG_WARN_STRICT_PROTOTYPES = YES;
				CLANG_WARN_SUSPICIOUS_MOVE = YES;
				CLANG_WARN_UNGUARDED_AVAILABILITY = YES_AGGRESSIVE;
				CLANG_WARN_UNREACHABLE_CODE = YES;
				CLANG_WARN__DUPLICATE_METHOD_MATCH = YES;
				COPY_PHASE_STRIP = NO;
				DEBUG_INFORMATION_FORMAT = dwarf;
				ENABLE_STRICT_OBJC_MSGSEND = YES;
				ENABLE_TESTABILITY = YES;
				GCC_C_LANGUAGE_STANDARD = gnu11;
				GCC_DYNAMIC_NO_PIC = NO;
				GCC_NO_COMMON_BLOCKS = YES;
				GCC_OPTIMIZATION_LEVEL = 0;
				GCC_PREPROCESSOR_DEFINITIONS = (
					"DEBUG=1",
					"$(inherited)",
				);
				GCC_WARN_64_TO_32_BIT_CONVERSION = YES;
				GCC_WARN_ABOUT_RETURN_TYPE = YES_ERROR;
				GCC_WARN_UNDECLARED_SELECTOR = YES;
				GCC_WARN_UNINITIALIZED_AUTOS = YES_AGGRESSIVE;
				GCC_WARN_UNUSED_FUNCTION = YES;
				GCC_WARN_UNUSED_VARIABLE = YES;
				IPHONEOS_DEPLOYMENT_TARGET = 15.4;
				MTL_ENABLE_DEBUG_INFO = INCLUDE_SOURCE;
				MTL_FAST_MATH = YES;
				ONLY_ACTIVE_ARCH = YES;
				SDKROOT = iphoneos;
				SWIFT_ACTIVE_COMPILATION_CONDITIONS = DEBUG;
				SWIFT_OPTIMIZATION_LEVEL = "-Onone";
			};
			name = Debug;
		};
		D4C9271728192BAB0002CE24 /* Release */ = {
			isa = XCBuildConfiguration;
			buildSettings = {
				ALWAYS_SEARCH_USER_PATHS = NO;
				CLANG_ANALYZER_NONNULL = YES;
				CLANG_ANALYZER_NUMBER_OBJECT_CONVERSION = YES_AGGRESSIVE;
				CLANG_CXX_LANGUAGE_STANDARD = "gnu++17";
				CLANG_ENABLE_MODULES = YES;
				CLANG_ENABLE_OBJC_ARC = YES;
				CLANG_ENABLE_OBJC_WEAK = YES;
				CLANG_WARN_BLOCK_CAPTURE_AUTORELEASING = YES;
				CLANG_WARN_BOOL_CONVERSION = YES;
				CLANG_WARN_COMMA = YES;
				CLANG_WARN_CONSTANT_CONVERSION = YES;
				CLANG_WARN_DEPRECATED_OBJC_IMPLEMENTATIONS = YES;
				CLANG_WARN_DIRECT_OBJC_ISA_USAGE = YES_ERROR;
				CLANG_WARN_DOCUMENTATION_COMMENTS = YES;
				CLANG_WARN_EMPTY_BODY = YES;
				CLANG_WARN_ENUM_CONVERSION = YES;
				CLANG_WARN_INFINITE_RECURSION = YES;
				CLANG_WARN_INT_CONVERSION = YES;
				CLANG_WARN_NON_LITERAL_NULL_CONVERSION = YES;
				CLANG_WARN_OBJC_IMPLICIT_RETAIN_SELF = YES;
				CLANG_WARN_OBJC_LITERAL_CONVERSION = YES;
				CLANG_WARN_OBJC_ROOT_CLASS = YES_ERROR;
				CLANG_WARN_QUOTED_INCLUDE_IN_FRAMEWORK_HEADER = YES;
				CLANG_WARN_RANGE_LOOP_ANALYSIS = YES;
				CLANG_WARN_STRICT_PROTOTYPES = YES;
				CLANG_WARN_SUSPICIOUS_MOVE = YES;
				CLANG_WARN_UNGUARDED_AVAILABILITY = YES_AGGRESSIVE;
				CLANG_WARN_UNREACHABLE_CODE = YES;
				CLANG_WARN__DUPLICATE_METHOD_MATCH = YES;
				COPY_PHASE_STRIP = NO;
				DEBUG_INFORMATION_FORMAT = "dwarf-with-dsym";
				ENABLE_NS_ASSERTIONS = NO;
				ENABLE_STRICT_OBJC_MSGSEND = YES;
				GCC_C_LANGUAGE_STANDARD = gnu11;
				GCC_NO_COMMON_BLOCKS = YES;
				GCC_WARN_64_TO_32_BIT_CONVERSION = YES;
				GCC_WARN_ABOUT_RETURN_TYPE = YES_ERROR;
				GCC_WARN_UNDECLARED_SELECTOR = YES;
				GCC_WARN_UNINITIALIZED_AUTOS = YES_AGGRESSIVE;
				GCC_WARN_UNUSED_FUNCTION = YES;
				GCC_WARN_UNUSED_VARIABLE = YES;
				IPHONEOS_DEPLOYMENT_TARGET = 15.4;
				MTL_ENABLE_DEBUG_INFO = NO;
				MTL_FAST_MATH = YES;
				SDKROOT = iphoneos;
				SWIFT_COMPILATION_MODE = wholemodule;
				SWIFT_OPTIMIZATION_LEVEL = "-O";
				VALIDATE_PRODUCT = YES;
			};
			name = Release;
		};
		D4C9271928192BAB0002CE24 /* Debug */ = {
			isa = XCBuildConfiguration;
			buildSettings = {
				ASSETCATALOG_COMPILER_APPICON_NAME = AppIcon;
				ASSETCATALOG_COMPILER_GLOBAL_ACCENT_COLOR_NAME = AccentColor;
				CODE_SIGN_STYLE = Automatic;
				CURRENT_PROJECT_VERSION = 1;
				DEVELOPMENT_TEAM = L54R5L5GQL;
				GENERATE_INFOPLIST_FILE = YES;
				INFOPLIST_FILE = MyKost/Info.plist;
				INFOPLIST_KEY_UIApplicationSupportsIndirectInputEvents = YES;
				INFOPLIST_KEY_UILaunchStoryboardName = LaunchScreen;
				INFOPLIST_KEY_UIMainStoryboardFile = Main;
				INFOPLIST_KEY_UISupportedInterfaceOrientations_iPad = "UIInterfaceOrientationPortrait UIInterfaceOrientationPortraitUpsideDown UIInterfaceOrientationLandscapeLeft UIInterfaceOrientationLandscapeRight";
				INFOPLIST_KEY_UISupportedInterfaceOrientations_iPhone = "UIInterfaceOrientationPortrait UIInterfaceOrientationLandscapeLeft UIInterfaceOrientationLandscapeRight";
				LD_RUNPATH_SEARCH_PATHS = (
					"$(inherited)",
					"@executable_path/Frameworks",
				);
				MARKETING_VERSION = 1.0;
				PRODUCT_BUNDLE_IDENTIFIER = com.farhan.MyKost;
				PRODUCT_NAME = "$(TARGET_NAME)";
				SWIFT_EMIT_LOC_STRINGS = YES;
				SWIFT_VERSION = 5.0;
				TARGETED_DEVICE_FAMILY = "1,2";
			};
			name = Debug;
		};
		D4C9271A28192BAB0002CE24 /* Release */ = {
			isa = XCBuildConfiguration;
			buildSettings = {
				ASSETCATALOG_COMPILER_APPICON_NAME = AppIcon;
				ASSETCATALOG_COMPILER_GLOBAL_ACCENT_COLOR_NAME = AccentColor;
				CODE_SIGN_STYLE = Automatic;
				CURRENT_PROJECT_VERSION = 1;
				DEVELOPMENT_TEAM = L54R5L5GQL;
				GENERATE_INFOPLIST_FILE = YES;
				INFOPLIST_FILE = MyKost/Info.plist;
				INFOPLIST_KEY_UIApplicationSupportsIndirectInputEvents = YES;
				INFOPLIST_KEY_UILaunchStoryboardName = LaunchScreen;
				INFOPLIST_KEY_UIMainStoryboardFile = Main;
				INFOPLIST_KEY_UISupportedInterfaceOrientations_iPad = "UIInterfaceOrientationPortrait UIInterfaceOrientationPortraitUpsideDown UIInterfaceOrientationLandscapeLeft UIInterfaceOrientationLandscapeRight";
				INFOPLIST_KEY_UISupportedInterfaceOrientations_iPhone = "UIInterfaceOrientationPortrait UIInterfaceOrientationLandscapeLeft UIInterfaceOrientationLandscapeRight";
				LD_RUNPATH_SEARCH_PATHS = (
					"$(inherited)",
					"@executable_path/Frameworks",
				);
				MARKETING_VERSION = 1.0;
				PRODUCT_BUNDLE_IDENTIFIER = com.farhan.MyKost;
				PRODUCT_NAME = "$(TARGET_NAME)";
				SWIFT_EMIT_LOC_STRINGS = YES;
				SWIFT_VERSION = 5.0;
				TARGETED_DEVICE_FAMILY = "1,2";
			};
			name = Release;
		};
/* End XCBuildConfiguration section */

/* Begin XCConfigurationList section */
		D4C926FC28192BAA0002CE24 /* Build configuration list for PBXProject "MyKost" */ = {
			isa = XCConfigurationList;
			buildConfigurations = (
				D4C9271628192BAB0002CE24 /* Debug */,
				D4C9271728192BAB0002CE24 /* Release */,
			);
			defaultConfigurationIsVisible = 0;
			defaultConfigurationName = Release;
		};
		D4C9271828192BAB0002CE24 /* Build configuration list for PBXNativeTarget "MyKost" */ = {
			isa = XCConfigurationList;
			buildConfigurations = (
				D4C9271928192BAB0002CE24 /* Debug */,
				D4C9271A28192BAB0002CE24 /* Release */,
			);
			defaultConfigurationIsVisible = 0;
			defaultConfigurationName = Release;
		};
/* End XCConfigurationList section */

/* Begin XCVersionGroup section */
		D4C9270D28192BAA0002CE24 /* MyKost.xcdatamodeld */ = {
			isa = XCVersionGroup;
			children = (
				D4C9270E28192BAA0002CE24 /* MyKost.xcdatamodel */,
			);
			currentVersion = D4C9270E28192BAA0002CE24 /* MyKost.xcdatamodel */;
			path = MyKost.xcdatamodeld;
			sourceTree = "<group>";
			versionGroupType = wrapper.xcdatamodel;
		};
/* End XCVersionGroup section */
	};
	rootObject = D4C926F928192BAA0002CE24 /* Project object */;
}
